{
  "pins" : [
    {
      "identity" : "fhirmodels",
      "kind" : "remoteSourceControl",
      "location" : "https://github.com/apple/FHIRModels",
      "state" : {
        "revision" : "861afd5816a98d38f86220eab2f812d76cad84a0",
        "version" : "0.5.0"
      }
    },
    {
      "identity" : "spezi",
      "kind" : "remoteSourceControl",
      "location" : "https://github.com/StanfordSpezi/Spezi",
      "state" : {
        "revision" : "b82fb371ab7f0446846ae8aeb56ffac56377890a",
        "version" : "0.8.0"
      }
    },
    {
      "identity" : "spezifoundation",
      "kind" : "remoteSourceControl",
      "location" : "https://github.com/StanfordSpezi/SpeziFoundation",
      "state" : {
        "revision" : "683c66f922a4cfe0882c4a86a43854f613b48541",
        "version" : "0.1.0"
      }
    },
    {
      "identity" : "xctruntimeassertions",
      "kind" : "remoteSourceControl",
      "location" : "https://github.com/StanfordBDHG/XCTRuntimeAssertions",
      "state" : {
        "revision" : "9226052589b8faece98861bc3d7b33b3ebfe4f5a",
        "version" : "0.2.5"
      }
    }
  ],
  "version" : 2
}
