{
  "pins" : [
    {
      "identity" : "cardinalkit",
      "kind" : "remoteSourceControl",
      "location" : "https://github.com/StanfordBDHG/CardinalKit",
      "state" : {
        "revision" : "4c4284f8ef44cd6346248ae44b88ce3c4c1f0a88",
        "version" : "0.4.0"
      }
    },
    {
      "identity" : "cardinalkitviews",
      "kind" : "remoteSourceControl",
      "location" : "https://github.com/StanfordBDHG/CardinalKitViews",
      "state" : {
        "revision" : "7d8162f0396176faa0768e7b10b7931ef2203055",
        "version" : "0.2.0"
      }
    },
    {
      "identity" : "fhirmodels",
      "kind" : "remoteSourceControl",
      "location" : "https://github.com/apple/FHIRModels",
      "state" : {
        "revision" : "861afd5816a98d38f86220eab2f812d76cad84a0",
        "version" : "0.5.0"
      }
    },
    {
      "identity" : "xctestextensions",
      "kind" : "remoteSourceControl",
      "location" : "https://github.com/StanfordBDHG/XCTestExtensions",
      "state" : {
        "revision" : "3037f2e8ad1cd2e08a0dfbe5f0a4866445102150",
        "version" : "0.4.0"
      }
    },
    {
      "identity" : "xcthealthkit",
      "kind" : "remoteSourceControl",
      "location" : "https://github.com/StanfordBDHG/XCTHealthKit",
      "state" : {
        "revision" : "19395bbd14a2554e4c9d3fe5cf38aa626c807269",
        "version" : "0.3.3"
      }
    },
    {
      "identity" : "xctruntimeassertions",
      "kind" : "remoteSourceControl",
      "location" : "https://github.com/StanfordBDHG/XCTRuntimeAssertions",
      "state" : {
        "revision" : "585ec9d1caa29bacc0d82eb70d4287401dfa452b",
        "version" : "0.2.0"
      }
    }
  ],
  "version" : 2
}
